
Microsoft Visual Studio Solution File, Format Version 12.00
Project("{FAE04EC0-301F-11D3-BF4B-00C04F79EFBC}") = "Merken", "Merken\Merken.csproj", "{96BE770C-E2E6-4017-8D20-8EC53FA50F6E}"
EndProject
Project("{FAE04EC0-301F-11D3-BF4B-00C04F79EFBC}") = "Merken.Core", "Merken.Core\Merken.Core.csproj", "{7F375B28-1565-419E-90A6-CB08DE1E342D}"
EndProject
Global
	GlobalSection(SolutionConfigurationPlatforms) = preSolution
		Debug|Any CPU = Debug|Any CPU
		Release|Any CPU = Release|Any CPU
	EndGlobalSection
	GlobalSection(ProjectConfigurationPlatforms) = postSolution
		{96BE770C-E2E6-4017-8D20-8EC53FA50F6E}.Debug|Any CPU.ActiveCfg = Debug|Any CPU
		{96BE770C-E2E6-4017-8D20-8EC53FA50F6E}.Debug|Any CPU.Build.0 = Debug|Any CPU
		{96BE770C-E2E6-4017-8D20-8EC53FA50F6E}.Release|Any CPU.ActiveCfg = Release|Any CPU
		{96BE770C-E2E6-4017-8D20-8EC53FA50F6E}.Release|Any CPU.Build.0 = Release|Any CPU
		{7F375B28-1565-419E-90A6-CB08DE1E342D}.Debug|Any CPU.ActiveCfg = Debug|Any CPU
		{7F375B28-1565-419E-90A6-CB08DE1E342D}.Debug|Any CPU.Build.0 = Debug|Any CPU
		{7F375B28-1565-419E-90A6-CB08DE1E342D}.Release|Any CPU.ActiveCfg = Release|Any CPU
		{7F375B28-1565-419E-90A6-CB08DE1E342D}.Release|Any CPU.Build.0 = Release|Any CPU
	EndGlobalSection
EndGlobal
